
Microsoft Visual Studio Solution File, Format Version 12.00
# Visual Studio 15
VisualStudioVersion = 15.0.26730.16
MinimumVisualStudioVersion = 10.0.40219.1
Project("{FAE04EC0-301F-11D3-BF4B-00C04F79EFBC}") = "CryptoHashWPF", "CryptoHashWPF\CryptoHashWPF.csproj", "{A3207C07-BFD6-471E-9DC6-98C2ACC0704A}"
EndProject
Global
	GlobalSection(SolutionConfigurationPlatforms) = preSolution
		Debug|Any CPU = Debug|Any CPU
		Release|Any CPU = Release|Any CPU
	EndGlobalSection
	GlobalSection(ProjectConfigurationPlatforms) = postSolution
		{A3207C07-BFD6-471E-9DC6-98C2ACC0704A}.Debug|Any CPU.ActiveCfg = Debug|Any CPU
		{A3207C07-BFD6-471E-9DC6-98C2ACC0704A}.Debug|Any CPU.Build.0 = Debug|Any CPU
		{A3207C07-BFD6-471E-9DC6-98C2ACC0704A}.Release|Any CPU.ActiveCfg = Release|Any CPU
		{A3207C07-BFD6-471E-9DC6-98C2ACC0704A}.Release|Any CPU.Build.0 = Release|Any CPU
	EndGlobalSection
	GlobalSection(SolutionProperties) = preSolution
		HideSolutionNode = FALSE
	EndGlobalSection
	GlobalSection(ExtensibilityGlobals) = postSolution
		SolutionGuid = {3DCA7536-7171-429F-82E6-25A5E68448D1}
	EndGlobalSection
EndGlobal
